// !$*UTF8*$!
{
	archiveVersion = 1;
	classes = {
	};
	objectVersion = 50;
	objects = {

/* Begin PBXBuildFile section */
		BAA1546E2119736600E3006D /* AppDelegate.swift in Sources */ = {isa = PBXBuildFile; fileRef = BAA1546D2119736600E3006D /* AppDelegate.swift */; };
		BAA154702119736600E3006D /* ViewController.swift in Sources */ = {isa = PBXBuildFile; fileRef = BAA1546F2119736600E3006D /* ViewController.swift */; };
		BAA154732119736600E3006D /* Main.storyboard in Resources */ = {isa = PBXBuildFile; fileRef = BAA154712119736600E3006D /* Main.storyboard */; };
		BAA154752119736800E3006D /* Assets.xcassets in Resources */ = {isa = PBXBuildFile; fileRef = BAA154742119736800E3006D /* Assets.xcassets */; };
		BAA154782119736800E3006D /* LaunchScreen.storyboard in Resources */ = {isa = PBXBuildFile; fileRef = BAA154762119736800E3006D /* LaunchScreen.storyboard */; };
		BAA154832119736800E3006D /* Try_SwiftTests.swift in Sources */ = {isa = PBXBuildFile; fileRef = BAA154822119736800E3006D /* Try_SwiftTests.swift */; };
		BAA1548E2119736800E3006D /* Try_SwiftUITests.swift in Sources */ = {isa = PBXBuildFile; fileRef = BAA1548D2119736800E3006D /* Try_SwiftUITests.swift */; };
/* End PBXBuildFile section */

/* Begin PBXContainerItemProxy section */
		BAA1547F2119736800E3006D /* PBXContainerItemProxy */ = {
			isa = PBXContainerItemProxy;
			containerPortal = BAA154622119736600E3006D /* Project object */;
			proxyType = 1;
			remoteGlobalIDString = BAA154692119736600E3006D;
			remoteInfo = Try_Swift;
		};
		BAA1548A2119736800E3006D /* PBXContainerItemProxy */ = {
			isa = PBXContainerItemProxy;
			containerPortal = BAA154622119736600E3006D /* Project object */;
			proxyType = 1;
			remoteGlobalIDString = BAA154692119736600E3006D;
			remoteInfo = Try_Swift;
		};
/* End PBXContainerItemProxy section */

/* Begin PBXFileReference section */
		BAA1546A2119736600E3006D /* Try_Swift.app */ = {isa = PBXFileReference; explicitFileType = wrapper.application; includeInIndex = 0; path = Try_Swift.app; sourceTree = BUILT_PRODUCTS_DIR; };
		BAA1546D2119736600E3006D /* AppDelegate.swift */ = {isa = PBXFileReference; lastKnownFileType = sourcecode.swift; path = AppDelegate.swift; sourceTree = "<group>"; };
		BAA1546F2119736600E3006D /* ViewController.swift */ = {isa = PBXFileReference; lastKnownFileType = sourcecode.swift; path = ViewController.swift; sourceTree = "<group>"; };
		BAA154722119736600E3006D /* Base */ = {isa = PBXFileReference; lastKnownFileType = file.storyboard; name = Base; path = Base.lproj/Main.storyboard; sourceTree = "<group>"; };
		BAA154742119736800E3006D /* Assets.xcassets */ = {isa = PBXFileReference; lastKnownFileType = folder.assetcatalog; path = Assets.xcassets; sourceTree = "<group>"; };
		BAA154772119736800E3006D /* Base */ = {isa = PBXFileReference; lastKnownFileType = file.storyboard; name = Base; path = Base.lproj/LaunchScreen.storyboard; sourceTree = "<group>"; };
		BAA154792119736800E3006D /* Info.plist */ = {isa = PBXFileReference; lastKnownFileType = text.plist.xml; path = Info.plist; sourceTree = "<group>"; };
		BAA1547E2119736800E3006D /* Try_SwiftTests.xctest */ = {isa = PBXFileReference; explicitFileType = wrapper.cfbundle; includeInIndex = 0; path = Try_SwiftTests.xctest; sourceTree = BUILT_PRODUCTS_DIR; };
		BAA154822119736800E3006D /* Try_SwiftTests.swift */ = {isa = PBXFileReference; lastKnownFileType = sourcecode.swift; path = Try_SwiftTests.swift; sourceTree = "<group>"; };
		BAA154842119736800E3006D /* Info.plist */ = {isa = PBXFileReference; lastKnownFileType = text.plist.xml; path = Info.plist; sourceTree = "<group>"; };
		BAA154892119736800E3006D /* Try_SwiftUITests.xctest */ = {isa = PBXFileReference; explicitFileType = wrapper.cfbundle; includeInIndex = 0; path = Try_SwiftUITests.xctest; sourceTree = BUILT_PRODUCTS_DIR; };
		BAA1548D2119736800E3006D /* Try_SwiftUITests.swift */ = {isa = PBXFileReference; lastKnownFileType = sourcecode.swift; path = Try_SwiftUITests.swift; sourceTree = "<group>"; };
		BAA1548F2119736800E3006D /* Info.plist */ = {isa = PBXFileReference; lastKnownFileType = text.plist.xml; path = Info.plist; sourceTree = "<group>"; };
/* End PBXFileReference section */

/* Begin PBXFrameworksBuildPhase section */
		BAA154672119736600E3006D /* Frameworks */ = {
			isa = PBXFrameworksBuildPhase;
			buildActionMask = 2147483647;
			files = (
			);
			runOnlyForDeploymentPostprocessing = 0;
		};
		BAA1547B2119736800E3006D /* Frameworks */ = {
			isa = PBXFrameworksBuildPhase;
			buildActionMask = 2147483647;
			files = (
			);
			runOnlyForDeploymentPostprocessing = 0;
		};
		BAA154862119736800E3006D /* Frameworks */ = {
			isa = PBXFrameworksBuildPhase;
			buildActionMask = 2147483647;
			files = (
			);
			runOnlyForDeploymentPostprocessing = 0;
		};
/* End PBXFrameworksBuildPhase section */

/* Begin PBXGroup section */
		BAA154612119736600E3006D = {
			isa = PBXGroup;
			children = (
				BAA1546C2119736600E3006D /* Try_Swift */,
				BAA154812119736800E3006D /* Try_SwiftTests */,
				BAA1548C2119736800E3006D /* Try_SwiftUITests */,
				BAA1546B2119736600E3006D /* Products */,
			);
			sourceTree = "<group>";
		};
		BAA1546B2119736600E3006D /* Products */ = {
			isa = PBXGroup;
			children = (
				BAA1546A2119736600E3006D /* Try_Swift.app */,
				BAA1547E2119736800E3006D /* Try_SwiftTests.xctest */,
				BAA154892119736800E3006D /* Try_SwiftUITests.xctest */,
			);
			name = Products;
			sourceTree = "<group>";
		};
		BAA1546C2119736600E3006D /* Try_Swift */ = {
			isa = PBXGroup;
			children = (
				BAA1546D2119736600E3006D /* AppDelegate.swift */,
				BAA1546F2119736600E3006D /* ViewController.swift */,
				BAA154712119736600E3006D /* Main.storyboard */,
				BAA154742119736800E3006D /* Assets.xcassets */,
				BAA154762119736800E3006D /* LaunchScreen.storyboard */,
				BAA154792119736800E3006D /* Info.plist */,
			);
			path = Try_Swift;
			sourceTree = "<group>";
		};
		BAA154812119736800E3006D /* Try_SwiftTests */ = {
			isa = PBXGroup;
			children = (
				BAA154822119736800E3006D /* Try_SwiftTests.swift */,
				BAA154842119736800E3006D /* Info.plist */,
			);
			path = Try_SwiftTests;
			sourceTree = "<group>";
		};
		BAA1548C2119736800E3006D /* Try_SwiftUITests */ = {
			isa = PBXGroup;
			children = (
				BAA1548D2119736800E3006D /* Try_SwiftUITests.swift */,
				BAA1548F2119736800E3006D /* Info.plist */,
			);
			path = Try_SwiftUITests;
			sourceTree = "<group>";
		};
/* End PBXGroup section */

/* Begin PBXNativeTarget section */
		BAA154692119736600E3006D /* Try_Swift */ = {
			isa = PBXNativeTarget;
			buildConfigurationList = BAA154922119736800E3006D /* Build configuration list for PBXNativeTarget "Try_Swift" */;
			buildPhases = (
				BAA154662119736600E3006D /* Sources */,
				BAA154672119736600E3006D /* Frameworks */,
				BAA154682119736600E3006D /* Resources */,
			);
			buildRules = (
			);
			dependencies = (
			);
			name = Try_Swift;
			productName = Try_Swift;
			productReference = BAA1546A2119736600E3006D /* Try_Swift.app */;
			productType = "com.apple.product-type.application";
		};
		BAA1547D2119736800E3006D /* Try_SwiftTests */ = {
			isa = PBXNativeTarget;
			buildConfigurationList = BAA154952119736800E3006D /* Build configuration list for PBXNativeTarget "Try_SwiftTests" */;
			buildPhases = (
				BAA1547A2119736800E3006D /* Sources */,
				BAA1547B2119736800E3006D /* Frameworks */,
				BAA1547C2119736800E3006D /* Resources */,
			);
			buildRules = (
			);
			dependencies = (
				BAA154802119736800E3006D /* PBXTargetDependency */,
			);
			name = Try_SwiftTests;
			productName = Try_SwiftTests;
			productReference = BAA1547E2119736800E3006D /* Try_SwiftTests.xctest */;
			productType = "com.apple.product-type.bundle.unit-test";
		};
		BAA154882119736800E3006D /* Try_SwiftUITests */ = {
			isa = PBXNativeTarget;
			buildConfigurationList = BAA154982119736800E3006D /* Build configuration list for PBXNativeTarget "Try_SwiftUITests" */;
			buildPhases = (
				BAA154852119736800E3006D /* Sources */,
				BAA154862119736800E3006D /* Frameworks */,
				BAA154872119736800E3006D /* Resources */,
			);
			buildRules = (
			);
			dependencies = (
				BAA1548B2119736800E3006D /* PBXTargetDependency */,
			);
			name = Try_SwiftUITests;
			productName = Try_SwiftUITests;
			productReference = BAA154892119736800E3006D /* Try_SwiftUITests.xctest */;
			productType = "com.apple.product-type.bundle.ui-testing";
		};
/* End PBXNativeTarget section */

/* Begin PBXProject section */
		BAA154622119736600E3006D /* Project object */ = {
			isa = PBXProject;
			attributes = {
				LastSwiftUpdateCheck = 0930;
				LastUpgradeCheck = 0930;
				ORGANIZATIONNAME = "好多余先生";
				TargetAttributes = {
					BAA154692119736600E3006D = {
						CreatedOnToolsVersion = 9.3;
					};
					BAA1547D2119736800E3006D = {
						CreatedOnToolsVersion = 9.3;
						TestTargetID = BAA154692119736600E3006D;
					};
					BAA154882119736800E3006D = {
						CreatedOnToolsVersion = 9.3;
						TestTargetID = BAA154692119736600E3006D;
					};
				};
			};
			buildConfigurationList = BAA154652119736600E3006D /* Build configuration list for PBXProject "Try_Swift" */;
			compatibilityVersion = "Xcode 9.3";
			developmentRegion = en;
			hasScannedForEncodings = 0;
			knownRegions = (
				en,
				Base,
			);
			mainGroup = BAA154612119736600E3006D;
			productRefGroup = BAA1546B2119736600E3006D /* Products */;
			projectDirPath = "";
			projectRoot = "";
			targets = (
				BAA154692119736600E3006D /* Try_Swift */,
				BAA1547D2119736800E3006D /* Try_SwiftTests */,
				BAA154882119736800E3006D /* Try_SwiftUITests */,
			);
		};
/* End PBXProject section */

/* Begin PBXResourcesBuildPhase section */
		BAA154682119736600E3006D /* Resources */ = {
			isa = PBXResourcesBuildPhase;
			buildActionMask = 2147483647;
			files = (
				BAA154782119736800E3006D /* LaunchScreen.storyboard in Resources */,
				BAA154752119736800E3006D /* Assets.xcassets in Resources */,
				BAA154732119736600E3006D /* Main.storyboard in Resources */,
			);
			runOnlyForDeploymentPostprocessing = 0;
		};
		BAA1547C2119736800E3006D /* Resources */ = {
			isa = PBXResourcesBuildPhase;
			buildActionMask = 2147483647;
			files = (
			);
			runOnlyForDeploymentPostprocessing = 0;
		};
		BAA154872119736800E3006D /* Resources */ = {
			isa = PBXResourcesBuildPhase;
			buildActionMask = 2147483647;
			files = (
			);
			runOnlyForDeploymentPostprocessing = 0;
		};
/* End PBXResourcesBuildPhase section */

/* Begin PBXSourcesBuildPhase section */
		BAA154662119736600E3006D /* Sources */ = {
			isa = PBXSourcesBuildPhase;
			buildActionMask = 2147483647;
			files = (
				BAA154702119736600E3006D /* ViewController.swift in Sources */,
				BAA1546E2119736600E3006D /* AppDelegate.swift in Sources */,
			);
			runOnlyForDeploymentPostprocessing = 0;
		};
		BAA1547A2119736800E3006D /* Sources */ = {
			isa = PBXSourcesBuildPhase;
			buildActionMask = 2147483647;
			files = (
				BAA154832119736800E3006D /* Try_SwiftTests.swift in Sources */,
			);
			runOnlyForDeploymentPostprocessing = 0;
		};
		BAA154852119736800E3006D /* Sources */ = {
			isa = PBXSourcesBuildPhase;
			buildActionMask = 2147483647;
			files = (
				BAA1548E2119736800E3006D /* Try_SwiftUITests.swift in Sources */,
			);
			runOnlyForDeploymentPostprocessing = 0;
		};
/* End PBXSourcesBuildPhase section */

/* Begin PBXTargetDependency section */
		BAA154802119736800E3006D /* PBXTargetDependency */ = {
			isa = PBXTargetDependency;
			target = BAA154692119736600E3006D /* Try_Swift */;
			targetProxy = BAA1547F2119736800E3006D /* PBXContainerItemProxy */;
		};
		BAA1548B2119736800E3006D /* PBXTargetDependency */ = {
			isa = PBXTargetDependency;
			target = BAA154692119736600E3006D /* Try_Swift */;
			targetProxy = BAA1548A2119736800E3006D /* PBXContainerItemProxy */;
		};
/* End PBXTargetDependency section */

/* Begin PBXVariantGroup section */
		BAA154712119736600E3006D /* Main.storyboard */ = {
			isa = PBXVariantGroup;
			children = (
				BAA154722119736600E3006D /* Base */,
			);
			name = Main.storyboard;
			sourceTree = "<group>";
		};
		BAA154762119736800E3006D /* LaunchScreen.storyboard */ = {
			isa = PBXVariantGroup;
			children = (
				BAA154772119736800E3006D /* Base */,
			);
			name = LaunchScreen.storyboard;
			sourceTree = "<group>";
		};
/* End PBXVariantGroup section */

/* Begin XCBuildConfiguration section */
		BAA154902119736800E3006D /* Debug */ = {
			isa = XCBuildConfiguration;
			buildSettings = {
				ALWAYS_SEARCH_USER_PATHS = NO;
				CLANG_ANALYZER_NONNULL = YES;
				CLANG_ANALYZER_NUMBER_OBJECT_CONVERSION = YES_AGGRESSIVE;
				CLANG_CXX_LANGUAGE_STANDARD = "gnu++14";
				CLANG_CXX_LIBRARY = "libc++";
				CLANG_ENABLE_MODULES = YES;
				CLANG_ENABLE_OBJC_ARC = YES;
				CLANG_ENABLE_OBJC_WEAK = YES;
				CLANG_WARN_BLOCK_CAPTURE_AUTORELEASING = YES;
				CLANG_WARN_BOOL_CONVERSION = YES;
				CLANG_WARN_COMMA = YES;
				CLANG_WARN_CONSTANT_CONVERSION = YES;
				CLANG_WARN_DEPRECATED_OBJC_IMPLEMENTATIONS = YES;
				CLANG_WARN_DIRECT_OBJC_ISA_USAGE = YES_ERROR;
				CLANG_WARN_DOCUMENTATION_COMMENTS = YES;
				CLANG_WARN_EMPTY_BODY = YES;
				CLANG_WARN_ENUM_CONVERSION = YES;
				CLANG_WARN_INFINITE_RECURSION = YES;
				CLANG_WARN_INT_CONVERSION = YES;
				CLANG_WARN_NON_LITERAL_NULL_CONVERSION = YES;
				CLANG_WARN_OBJC_IMPLICIT_RETAIN_SELF = YES;
				CLANG_WARN_OBJC_LITERAL_CONVERSION = YES;
				CLANG_WARN_OBJC_ROOT_CLASS = YES_ERROR;
				CLANG_WARN_RANGE_LOOP_ANALYSIS = YES;
				CLANG_WARN_STRICT_PROTOTYPES = YES;
				CLANG_WARN_SUSPICIOUS_MOVE = YES;
				CLANG_WARN_UNGUARDED_AVAILABILITY = YES_AGGRESSIVE;
				CLANG_WARN_UNREACHABLE_CODE = YES;
				CLANG_WARN__DUPLICATE_METHOD_MATCH = YES;
				CODE_SIGN_IDENTITY = "iPhone Developer";
				COPY_PHASE_STRIP = NO;
				DEBUG_INFORMATION_FORMAT = dwarf;
				ENABLE_STRICT_OBJC_MSGSEND = YES;
				ENABLE_TESTABILITY = YES;
				GCC_C_LANGUAGE_STANDARD = gnu11;
				GCC_DYNAMIC_NO_PIC = NO;
				GCC_NO_COMMON_BLOCKS = YES;
				GCC_OPTIMIZATION_LEVEL = 0;
				GCC_PREPROCESSOR_DEFINITIONS = (
					"DEBUG=1",
					"$(inherited)",
				);
				GCC_WARN_64_TO_32_BIT_CONVERSION = YES;
				GCC_WARN_ABOUT_RETURN_TYPE = YES_ERROR;
				GCC_WARN_UNDECLARED_SELECTOR = YES;
				GCC_WARN_UNINITIALIZED_AUTOS = YES_AGGRESSIVE;
				GCC_WARN_UNUSED_FUNCTION = YES;
				GCC_WARN_UNUSED_VARIABLE = YES;
				IPHONEOS_DEPLOYMENT_TARGET = 11.3;
				MTL_ENABLE_DEBUG_INFO = YES;
				ONLY_ACTIVE_ARCH = YES;
				SDKROOT = iphoneos;
				SWIFT_ACTIVE_COMPILATION_CONDITIONS = DEBUG;
				SWIFT_OPTIMIZATION_LEVEL = "-Onone";
			};
			name = Debug;
		};
		BAA154912119736800E3006D /* Release */ = {
			isa = XCBuildConfiguration;
			buildSettings = {
				ALWAYS_SEARCH_USER_PATHS = NO;
				CLANG_ANALYZER_NONNULL = YES;
				CLANG_ANALYZER_NUMBER_OBJECT_CONVERSION = YES_AGGRESSIVE;
				CLANG_CXX_LANGUAGE_STANDARD = "gnu++14";
				CLANG_CXX_LIBRARY = "libc++";
				CLANG_ENABLE_MODULES = YES;
				CLANG_ENABLE_OBJC_ARC = YES;
				CLANG_ENABLE_OBJC_WEAK = YES;
				CLANG_WARN_BLOCK_CAPTURE_AUTORELEASING = YES;
				CLANG_WARN_BOOL_CONVERSION = YES;
				CLANG_WARN_COMMA = YES;
				CLANG_WARN_CONSTANT_CONVERSION = YES;
				CLANG_WARN_DEPRECATED_OBJC_IMPLEMENTATIONS = YES;
				CLANG_WARN_DIRECT_OBJC_ISA_USAGE = YES_ERROR;
				CLANG_WARN_DOCUMENTATION_COMMENTS = YES;
				CLANG_WARN_EMPTY_BODY = YES;
				CLANG_WARN_ENUM_CONVERSION = YES;
				CLANG_WARN_INFINITE_RECURSION = YES;
				CLANG_WARN_INT_CONVERSION = YES;
				CLANG_WARN_NON_LITERAL_NULL_CONVERSION = YES;
				CLANG_WARN_OBJC_IMPLICIT_RETAIN_SELF = YES;
				CLANG_WARN_OBJC_LITERAL_CONVERSION = YES;
				CLANG_WARN_OBJC_ROOT_CLASS = YES_ERROR;
				CLANG_WARN_RANGE_LOOP_ANALYSIS = YES;
				CLANG_WARN_STRICT_PROTOTYPES = YES;
				CLANG_WARN_SUSPICIOUS_MOVE = YES;
				CLANG_WARN_UNGUARDED_AVAILABILITY = YES_AGGRESSIVE;
				CLANG_WARN_UNREACHABLE_CODE = YES;
				CLANG_WARN__DUPLICATE_METHOD_MATCH = YES;
				CODE_SIGN_IDENTITY = "iPhone Developer";
				COPY_PHASE_STRIP = NO;
				DEBUG_INFORMATION_FORMAT = "dwarf-with-dsym";
				ENABLE_NS_ASSERTIONS = NO;
				ENABLE_STRICT_OBJC_MSGSEND = YES;
				GCC_C_LANGUAGE_STANDARD = gnu11;
				GCC_NO_COMMON_BLOCKS = YES;
				GCC_WARN_64_TO_32_BIT_CONVERSION = YES;
				GCC_WARN_ABOUT_RETURN_TYPE = YES_ERROR;
				GCC_WARN_UNDECLARED_SELECTOR = YES;
				GCC_WARN_UNINITIALIZED_AUTOS = YES_AGGRESSIVE;
				GCC_WARN_UNUSED_FUNCTION = YES;
				GCC_WARN_UNUSED_VARIABLE = YES;
				IPHONEOS_DEPLOYMENT_TARGET = 11.3;
				MTL_ENABLE_DEBUG_INFO = NO;
				SDKROOT = iphoneos;
				SWIFT_COMPILATION_MODE = wholemodule;
				SWIFT_OPTIMIZATION_LEVEL = "-O";
				VALIDATE_PRODUCT = YES;
			};
			name = Release;
		};
		BAA154932119736800E3006D /* Debug */ = {
			isa = XCBuildConfiguration;
			buildSettings = {
				ASSETCATALOG_COMPILER_APPICON_NAME = AppIcon;
				CODE_SIGN_STYLE = Automatic;
				DEVELOPMENT_TEAM = 5NU47SXWE5;
				INFOPLIST_FILE = Try_Swift/Info.plist;
				LD_RUNPATH_SEARCH_PATHS = (
					"$(inherited)",
					"@executable_path/Frameworks",
				);
				PRODUCT_BUNDLE_IDENTIFIER = "test.Try-Swift";
				PRODUCT_NAME = "$(TARGET_NAME)";
				SWIFT_VERSION = 4.0;
				TARGETED_DEVICE_FAMILY = "1,2";
			};
			name = Debug;
		};
		BAA154942119736800E3006D /* Release */ = {
			isa = XCBuildConfiguration;
			buildSettings = {
				ASSETCATALOG_COMPILER_APPICON_NAME = AppIcon;
				CODE_SIGN_STYLE = Automatic;
				DEVELOPMENT_TEAM = 5NU47SXWE5;
				INFOPLIST_FILE = Try_Swift/Info.plist;
				LD_RUNPATH_SEARCH_PATHS = (
					"$(inherited)",
					"@executable_path/Frameworks",
				);
				PRODUCT_BUNDLE_IDENTIFIER = "test.Try-Swift";
				PRODUCT_NAME = "$(TARGET_NAME)";
				SWIFT_VERSION = 4.0;
				TARGETED_DEVICE_FAMILY = "1,2";
			};
			name = Release;
		};
		BAA154962119736800E3006D /* Debug */ = {
			isa = XCBuildConfiguration;
			buildSettings = {
				ALWAYS_EMBED_SWIFT_STANDARD_LIBRARIES = YES;
				BUNDLE_LOADER = "$(TEST_HOST)";
				CODE_SIGN_STYLE = Automatic;
				DEVELOPMENT_TEAM = 5NU47SXWE5;
				INFOPLIST_FILE = Try_SwiftTests/Info.plist;
				LD_RUNPATH_SEARCH_PATHS = (
					"$(inherited)",
					"@executable_path/Frameworks",
					"@loader_path/Frameworks",
				);
				PRODUCT_BUNDLE_IDENTIFIER = "test.Try-SwiftTests";
				PRODUCT_NAME = "$(TARGET_NAME)";
				SWIFT_VERSION = 4.0;
				TARGETED_DEVICE_FAMILY = "1,2";
				TEST_HOST = "$(BUILT_PRODUCTS_DIR)/Try_Swift.app/Try_Swift";
			};
			name = Debug;
		};
		BAA154972119736800E3006D /* Release */ = {
			isa = XCBuildConfiguration;
			buildSettings = {
				ALWAYS_EMBED_SWIFT_STANDARD_LIBRARIES = YES;
				BUNDLE_LOADER = "$(TEST_HOST)";
				CODE_SIGN_STYLE = Automatic;
				DEVELOPMENT_TEAM = 5NU47SXWE5;
				INFOPLIST_FILE = Try_SwiftTests/Info.plist;
				LD_RUNPATH_SEARCH_PATHS = (
					"$(inherited)",
					"@executable_path/Frameworks",
					"@loader_path/Frameworks",
				);
				PRODUCT_BUNDLE_IDENTIFIER = "test.Try-SwiftTests";
				PRODUCT_NAME = "$(TARGET_NAME)";
				SWIFT_VERSION = 4.0;
				TARGETED_DEVICE_FAMILY = "1,2";
				TEST_HOST = "$(BUILT_PRODUCTS_DIR)/Try_Swift.app/Try_Swift";
			};
			name = Release;
		};
		BAA154992119736800E3006D /* Debug */ = {
			isa = XCBuildConfiguration;
			buildSettings = {
				ALWAYS_EMBED_SWIFT_STANDARD_LIBRARIES = YES;
				CODE_SIGN_STYLE = Automatic;
				DEVELOPMENT_TEAM = 5NU47SXWE5;
				INFOPLIST_FILE = Try_SwiftUITests/Info.plist;
				LD_RUNPATH_SEARCH_PATHS = (
					"$(inherited)",
					"@executable_path/Frameworks",
					"@loader_path/Frameworks",
				);
				PRODUCT_BUNDLE_IDENTIFIER = "test.Try-SwiftUITests";
				PRODUCT_NAME = "$(TARGET_NAME)";
				SWIFT_VERSION = 4.0;
				TARGETED_DEVICE_FAMILY = "1,2";
				TEST_TARGET_NAME = Try_Swift;
			};
			name = Debug;
		};
		BAA1549A2119736800E3006D /* Release */ = {
			isa = XCBuildConfiguration;
			buildSettings = {
				ALWAYS_EMBED_SWIFT_STANDARD_LIBRARIES = YES;
				CODE_SIGN_STYLE = Automatic;
				DEVELOPMENT_TEAM = 5NU47SXWE5;
				INFOPLIST_FILE = Try_SwiftUITests/Info.plist;
				LD_RUNPATH_SEARCH_PATHS = (
					"$(inherited)",
					"@executable_path/Frameworks",
					"@loader_path/Frameworks",
				);
				PRODUCT_BUNDLE_IDENTIFIER = "test.Try-SwiftUITests";
				PRODUCT_NAME = "$(TARGET_NAME)";
				SWIFT_VERSION = 4.0;
				TARGETED_DEVICE_FAMILY = "1,2";
				TEST_TARGET_NAME = Try_Swift;
			};
			name = Release;
		};
/* End XCBuildConfiguration section */

/* Begin XCConfigurationList section */
		BAA154652119736600E3006D /* Build configuration list for PBXProject "Try_Swift" */ = {
			isa = XCConfigurationList;
			buildConfigurations = (
				BAA154902119736800E3006D /* Debug */,
				BAA154912119736800E3006D /* Release */,
			);
			defaultConfigurationIsVisible = 0;
			defaultConfigurationName = Release;
		};
		BAA154922119736800E3006D /* Build configuration list for PBXNativeTarget "Try_Swift" */ = {
			isa = XCConfigurationList;
			buildConfigurations = (
				BAA154932119736800E3006D /* Debug */,
				BAA154942119736800E3006D /* Release */,
			);
			defaultConfigurationIsVisible = 0;
			defaultConfigurationName = Release;
		};
		BAA154952119736800E3006D /* Build configuration list for PBXNativeTarget "Try_SwiftTests" */ = {
			isa = XCConfigurationList;
			buildConfigurations = (
				BAA154962119736800E3006D /* Debug */,
				BAA154972119736800E3006D /* Release */,
			);
			defaultConfigurationIsVisible = 0;
			defaultConfigurationName = Release;
		};
		BAA154982119736800E3006D /* Build configuration list for PBXNativeTarget "Try_SwiftUITests" */ = {
			isa = XCConfigurationList;
			buildConfigurations = (
				BAA154992119736800E3006D /* Debug */,
				BAA1549A2119736800E3006D /* Release */,
			);
			defaultConfigurationIsVisible = 0;
			defaultConfigurationName = Release;
		};
/* End XCConfigurationList section */
	};
	rootObject = BAA154622119736600E3006D /* Project object */;
}
